// !$*UTF8*$!
{
	archiveVersion = 1;
	classes = {
	};
	objectVersion = 55;
	objects = {

/* Begin PBXBuildFile section */
		334150CE28F07C1700DD522F /* AppDelegate.swift in Sources */ = {isa = PBXBuildFile; fileRef = 334150CD28F07C1700DD522F /* AppDelegate.swift */; };
		334150D028F07C1700DD522F /* SceneDelegate.swift in Sources */ = {isa = PBXBuildFile; fileRef = 334150CF28F07C1700DD522F /* SceneDelegate.swift */; };
		334150D728F07C1900DD522F /* Assets.xcassets in Resources */ = {isa = PBXBuildFile; fileRef = 334150D628F07C1900DD522F /* Assets.xcassets */; };
		334150DA28F07C1900DD522F /* LaunchScreen.storyboard in Resources */ = {isa = PBXBuildFile; fileRef = 334150D828F07C1900DD522F /* LaunchScreen.storyboard */; };
		334150E528F07C1A00DD522F /* TrabajoSemana3Tests.swift in Sources */ = {isa = PBXBuildFile; fileRef = 334150E428F07C1A00DD522F /* TrabajoSemana3Tests.swift */; };
		334150EF28F07C1A00DD522F /* TrabajoSemana3UITests.swift in Sources */ = {isa = PBXBuildFile; fileRef = 334150EE28F07C1A00DD522F /* TrabajoSemana3UITests.swift */; };
		334150F128F07C1A00DD522F /* TrabajoSemana3UITestsLaunchTests.swift in Sources */ = {isa = PBXBuildFile; fileRef = 334150F028F07C1A00DD522F /* TrabajoSemana3UITestsLaunchTests.swift */; };
		334150FE28F07CEB00DD522F /* TableViewController.swift in Sources */ = {isa = PBXBuildFile; fileRef = 334150FD28F07CEB00DD522F /* TableViewController.swift */; };
		3341510028F07CF700DD522F /* myCell.swift in Sources */ = {isa = PBXBuildFile; fileRef = 334150FF28F07CF700DD522F /* myCell.swift */; };
		3341510228F07D0000DD522F /* Car.swift in Sources */ = {isa = PBXBuildFile; fileRef = 3341510128F07D0000DD522F /* Car.swift */; };
		3341510428F07D0400DD522F /* ProtocolCar.swift in Sources */ = {isa = PBXBuildFile; fileRef = 3341510328F07D0400DD522F /* ProtocolCar.swift */; };
		3341510628F07D0900DD522F /* MyUiTableViewController.swift in Sources */ = {isa = PBXBuildFile; fileRef = 3341510528F07D0900DD522F /* MyUiTableViewController.swift */; };
		3341510828F07D1000DD522F /* TableViewController.swift in Sources */ = {isa = PBXBuildFile; fileRef = 3341510728F07D1000DD522F /* TableViewController.swift */; };
		3341510B28F07D2500DD522F /* Main.storyboard in Resources */ = {isa = PBXBuildFile; fileRef = 3341510928F07D2500DD522F /* Main.storyboard */; };
/* End PBXBuildFile section */

/* Begin PBXContainerItemProxy section */
		334150E128F07C1A00DD522F /* PBXContainerItemProxy */ = {
			isa = PBXContainerItemProxy;
			containerPortal = 334150C228F07C1700DD522F /* Project object */;
			proxyType = 1;
			remoteGlobalIDString = 334150C928F07C1700DD522F;
			remoteInfo = TrabajoSemana3;
		};
		334150EB28F07C1A00DD522F /* PBXContainerItemProxy */ = {
			isa = PBXContainerItemProxy;
			containerPortal = 334150C228F07C1700DD522F /* Project object */;
			proxyType = 1;
			remoteGlobalIDString = 334150C928F07C1700DD522F;
			remoteInfo = TrabajoSemana3;
		};
/* End PBXContainerItemProxy section */

/* Begin PBXFileReference section */
		334150CA28F07C1700DD522F /* TrabajoSemana3.app */ = {isa = PBXFileReference; explicitFileType = wrapper.application; includeInIndex = 0; path = TrabajoSemana3.app; sourceTree = BUILT_PRODUCTS_DIR; };
		334150CD28F07C1700DD522F /* AppDelegate.swift */ = {isa = PBXFileReference; lastKnownFileType = sourcecode.swift; path = AppDelegate.swift; sourceTree = "<group>"; };
		334150CF28F07C1700DD522F /* SceneDelegate.swift */ = {isa = PBXFileReference; lastKnownFileType = sourcecode.swift; path = SceneDelegate.swift; sourceTree = "<group>"; };
		334150D628F07C1900DD522F /* Assets.xcassets */ = {isa = PBXFileReference; lastKnownFileType = folder.assetcatalog; path = Assets.xcassets; sourceTree = "<group>"; };
		334150D928F07C1900DD522F /* Base */ = {isa = PBXFileReference; lastKnownFileType = file.storyboard; name = Base; path = Base.lproj/LaunchScreen.storyboard; sourceTree = "<group>"; };
		334150DB28F07C1900DD522F /* Info.plist */ = {isa = PBXFileReference; lastKnownFileType = text.plist.xml; path = Info.plist; sourceTree = "<group>"; };
		334150E028F07C1A00DD522F /* TrabajoSemana3Tests.xctest */ = {isa = PBXFileReference; explicitFileType = wrapper.cfbundle; includeInIndex = 0; path = TrabajoSemana3Tests.xctest; sourceTree = BUILT_PRODUCTS_DIR; };
		334150E428F07C1A00DD522F /* TrabajoSemana3Tests.swift */ = {isa = PBXFileReference; lastKnownFileType = sourcecode.swift; path = TrabajoSemana3Tests.swift; sourceTree = "<group>"; };
		334150EA28F07C1A00DD522F /* TrabajoSemana3UITests.xctest */ = {isa = PBXFileReference; explicitFileType = wrapper.cfbundle; includeInIndex = 0; path = TrabajoSemana3UITests.xctest; sourceTree = BUILT_PRODUCTS_DIR; };
		334150EE28F07C1A00DD522F /* TrabajoSemana3UITests.swift */ = {isa = PBXFileReference; lastKnownFileType = sourcecode.swift; path = TrabajoSemana3UITests.swift; sourceTree = "<group>"; };
		334150F028F07C1A00DD522F /* TrabajoSemana3UITestsLaunchTests.swift */ = {isa = PBXFileReference; lastKnownFileType = sourcecode.swift; path = TrabajoSemana3UITestsLaunchTests.swift; sourceTree = "<group>"; };
		334150FD28F07CEB00DD522F /* TableViewController.swift */ = {isa = PBXFileReference; fileEncoding = 4; lastKnownFileType = sourcecode.swift; name = TableViewController.swift; path = ../../TableViewsIOS/TableViewsIOS/TableViewController.swift; sourceTree = "<group>"; };
		334150FF28F07CF700DD522F /* myCell.swift */ = {isa = PBXFileReference; fileEncoding = 4; lastKnownFileType = sourcecode.swift; name = myCell.swift; path = ../../TableViewsIOS/TableViewsIOS/myCell.swift; sourceTree = "<group>"; };
		3341510128F07D0000DD522F /* Car.swift */ = {isa = PBXFileReference; fileEncoding = 4; lastKnownFileType = sourcecode.swift; name = Car.swift; path = ../../TableViewsIOS/TableViewsIOS/Car.swift; sourceTree = "<group>"; };
		3341510328F07D0400DD522F /* ProtocolCar.swift */ = {isa = PBXFileReference; fileEncoding = 4; lastKnownFileType = sourcecode.swift; name = ProtocolCar.swift; path = ../../TableViewsIOS/TableViewsIOS/ProtocolCar.swift; sourceTree = "<group>"; };
		3341510528F07D0900DD522F /* MyUiTableViewController.swift */ = {isa = PBXFileReference; fileEncoding = 4; lastKnownFileType = sourcecode.swift; name = MyUiTableViewController.swift; path = ../../TableViewsIOS/TableViewsIOS/MyUiTableViewController.swift; sourceTree = "<group>"; };
		3341510728F07D1000DD522F /* TableViewController.swift */ = {isa = PBXFileReference; fileEncoding = 4; lastKnownFileType = sourcecode.swift; name = TableViewController.swift; path = ../../TableViewsIOS/TableViewsIOS/TableViewController.swift; sourceTree = "<group>"; };
		3341510A28F07D2500DD522F /* Base */ = {isa = PBXFileReference; lastKnownFileType = file.storyboard; name = Base; path = ../../TableViewsIOS/TableViewsIOS/Base.lproj/Main.storyboard; sourceTree = "<group>"; };
/* End PBXFileReference section */

/* Begin PBXFrameworksBuildPhase section */
		334150C728F07C1700DD522F /* Frameworks */ = {
			isa = PBXFrameworksBuildPhase;
			buildActionMask = 2147483647;
			files = (
			);
			runOnlyForDeploymentPostprocessing = 0;
		};
		334150DD28F07C1A00DD522F /* Frameworks */ = {
			isa = PBXFrameworksBuildPhase;
			buildActionMask = 2147483647;
			files = (
			);
			runOnlyForDeploymentPostprocessing = 0;
		};
		334150E728F07C1A00DD522F /* Frameworks */ = {
			isa = PBXFrameworksBuildPhase;
			buildActionMask = 2147483647;
			files = (
			);
			runOnlyForDeploymentPostprocessing = 0;
		};
/* End PBXFrameworksBuildPhase section */

/* Begin PBXGroup section */
		334150C128F07C1700DD522F = {
			isa = PBXGroup;
			children = (
				334150CC28F07C1700DD522F /* TrabajoSemana3 */,
				334150E328F07C1A00DD522F /* TrabajoSemana3Tests */,
				334150ED28F07C1A00DD522F /* TrabajoSemana3UITests */,
				334150CB28F07C1700DD522F /* Products */,
			);
			sourceTree = "<group>";
		};
		334150CB28F07C1700DD522F /* Products */ = {
			isa = PBXGroup;
			children = (
				334150CA28F07C1700DD522F /* TrabajoSemana3.app */,
				334150E028F07C1A00DD522F /* TrabajoSemana3Tests.xctest */,
				334150EA28F07C1A00DD522F /* TrabajoSemana3UITests.xctest */,
			);
			name = Products;
			sourceTree = "<group>";
		};
		334150CC28F07C1700DD522F /* TrabajoSemana3 */ = {
			isa = PBXGroup;
			children = (
				334150CD28F07C1700DD522F /* AppDelegate.swift */,
				334150CF28F07C1700DD522F /* SceneDelegate.swift */,
				3341510928F07D2500DD522F /* Main.storyboard */,
				334150FD28F07CEB00DD522F /* TableViewController.swift */,
				3341510728F07D1000DD522F /* TableViewController.swift */,
				334150FF28F07CF700DD522F /* myCell.swift */,
				3341510128F07D0000DD522F /* Car.swift */,
				3341510328F07D0400DD522F /* ProtocolCar.swift */,
				3341510528F07D0900DD522F /* MyUiTableViewController.swift */,
				334150D628F07C1900DD522F /* Assets.xcassets */,
				334150D828F07C1900DD522F /* LaunchScreen.storyboard */,
				334150DB28F07C1900DD522F /* Info.plist */,
			);
			path = TrabajoSemana3;
			sourceTree = "<group>";
		};
		334150E328F07C1A00DD522F /* TrabajoSemana3Tests */ = {
			isa = PBXGroup;
			children = (
				334150E428F07C1A00DD522F /* TrabajoSemana3Tests.swift */,
			);
			path = TrabajoSemana3Tests;
			sourceTree = "<group>";
		};
		334150ED28F07C1A00DD522F /* TrabajoSemana3UITests */ = {
			isa = PBXGroup;
			children = (
				334150EE28F07C1A00DD522F /* TrabajoSemana3UITests.swift */,
				334150F028F07C1A00DD522F /* TrabajoSemana3UITestsLaunchTests.swift */,
			);
			path = TrabajoSemana3UITests;
			sourceTree = "<group>";
		};
/* End PBXGroup section */

/* Begin PBXNativeTarget section */
		334150C928F07C1700DD522F /* TrabajoSemana3 */ = {
			isa = PBXNativeTarget;
			buildConfigurationList = 334150F428F07C1A00DD522F /* Build configuration list for PBXNativeTarget "TrabajoSemana3" */;
			buildPhases = (
				334150C628F07C1700DD522F /* Sources */,
				334150C728F07C1700DD522F /* Frameworks */,
				334150C828F07C1700DD522F /* Resources */,
			);
			buildRules = (
			);
			dependencies = (
			);
			name = TrabajoSemana3;
			productName = TrabajoSemana3;
			productReference = 334150CA28F07C1700DD522F /* TrabajoSemana3.app */;
			productType = "com.apple.product-type.application";
		};
		334150DF28F07C1A00DD522F /* TrabajoSemana3Tests */ = {
			isa = PBXNativeTarget;
			buildConfigurationList = 334150F728F07C1A00DD522F /* Build configuration list for PBXNativeTarget "TrabajoSemana3Tests" */;
			buildPhases = (
				334150DC28F07C1A00DD522F /* Sources */,
				334150DD28F07C1A00DD522F /* Frameworks */,
				334150DE28F07C1A00DD522F /* Resources */,
			);
			buildRules = (
			);
			dependencies = (
				334150E228F07C1A00DD522F /* PBXTargetDependency */,
			);
			name = TrabajoSemana3Tests;
			productName = TrabajoSemana3Tests;
			productReference = 334150E028F07C1A00DD522F /* TrabajoSemana3Tests.xctest */;
			productType = "com.apple.product-type.bundle.unit-test";
		};
		334150E928F07C1A00DD522F /* TrabajoSemana3UITests */ = {
			isa = PBXNativeTarget;
			buildConfigurationList = 334150FA28F07C1A00DD522F /* Build configuration list for PBXNativeTarget "TrabajoSemana3UITests" */;
			buildPhases = (
				334150E628F07C1A00DD522F /* Sources */,
				334150E728F07C1A00DD522F /* Frameworks */,
				334150E828F07C1A00DD522F /* Resources */,
			);
			buildRules = (
			);
			dependencies = (
				334150EC28F07C1A00DD522F /* PBXTargetDependency */,
			);
			name = TrabajoSemana3UITests;
			productName = TrabajoSemana3UITests;
			productReference = 334150EA28F07C1A00DD522F /* TrabajoSemana3UITests.xctest */;
			productType = "com.apple.product-type.bundle.ui-testing";
		};
/* End PBXNativeTarget section */

/* Begin PBXProject section */
		334150C228F07C1700DD522F /* Project object */ = {
			isa = PBXProject;
			attributes = {
				BuildIndependentTargetsInParallel = 1;
				LastSwiftUpdateCheck = 1340;
				LastUpgradeCheck = 1340;
				TargetAttributes = {
					334150C928F07C1700DD522F = {
						CreatedOnToolsVersion = 13.4.1;
					};
					334150DF28F07C1A00DD522F = {
						CreatedOnToolsVersion = 13.4.1;
						TestTargetID = 334150C928F07C1700DD522F;
					};
					334150E928F07C1A00DD522F = {
						CreatedOnToolsVersion = 13.4.1;
						TestTargetID = 334150C928F07C1700DD522F;
					};
				};
			};
			buildConfigurationList = 334150C528F07C1700DD522F /* Build configuration list for PBXProject "TrabajoSemana3" */;
			compatibilityVersion = "Xcode 13.0";
			developmentRegion = en;
			hasScannedForEncodings = 0;
			knownRegions = (
				en,
				Base,
			);
			mainGroup = 334150C128F07C1700DD522F;
			productRefGroup = 334150CB28F07C1700DD522F /* Products */;
			projectDirPath = "";
			projectRoot = "";
			targets = (
				334150C928F07C1700DD522F /* TrabajoSemana3 */,
				334150DF28F07C1A00DD522F /* TrabajoSemana3Tests */,
				334150E928F07C1A00DD522F /* TrabajoSemana3UITests */,
			);
		};
/* End PBXProject section */

/* Begin PBXResourcesBuildPhase section */
		334150C828F07C1700DD522F /* Resources */ = {
			isa = PBXResourcesBuildPhase;
			buildActionMask = 2147483647;
			files = (
				3341510B28F07D2500DD522F /* Main.storyboard in Resources */,
				334150DA28F07C1900DD522F /* LaunchScreen.storyboard in Resources */,
				334150D728F07C1900DD522F /* Assets.xcassets in Resources */,
			);
			runOnlyForDeploymentPostprocessing = 0;
		};
		334150DE28F07C1A00DD522F /* Resources */ = {
			isa = PBXResourcesBuildPhase;
			buildActionMask = 2147483647;
			files = (
			);
			runOnlyForDeploymentPostprocessing = 0;
		};
		334150E828F07C1A00DD522F /* Resources */ = {
			isa = PBXResourcesBuildPhase;
			buildActionMask = 2147483647;
			files = (
			);
			runOnlyForDeploymentPostprocessing = 0;
		};
/* End PBXResourcesBuildPhase section */

/* Begin PBXSourcesBuildPhase section */
		334150C628F07C1700DD522F /* Sources */ = {
			isa = PBXSourcesBuildPhase;
			buildActionMask = 2147483647;
			files = (
				334150CE28F07C1700DD522F /* AppDelegate.swift in Sources */,
				3341510028F07CF700DD522F /* myCell.swift in Sources */,
				3341510428F07D0400DD522F /* ProtocolCar.swift in Sources */,
				3341510828F07D1000DD522F /* TableViewController.swift in Sources */,
				3341510228F07D0000DD522F /* Car.swift in Sources */,
				334150FE28F07CEB00DD522F /* TableViewController.swift in Sources */,
				334150D028F07C1700DD522F /* SceneDelegate.swift in Sources */,
				3341510628F07D0900DD522F /* MyUiTableViewController.swift in Sources */,
			);
			runOnlyForDeploymentPostprocessing = 0;
		};
		334150DC28F07C1A00DD522F /* Sources */ = {
			isa = PBXSourcesBuildPhase;
			buildActionMask = 2147483647;
			files = (
				334150E528F07C1A00DD522F /* TrabajoSemana3Tests.swift in Sources */,
			);
			runOnlyForDeploymentPostprocessing = 0;
		};
		334150E628F07C1A00DD522F /* Sources */ = {
			isa = PBXSourcesBuildPhase;
			buildActionMask = 2147483647;
			files = (
				334150EF28F07C1A00DD522F /* TrabajoSemana3UITests.swift in Sources */,
				334150F128F07C1A00DD522F /* TrabajoSemana3UITestsLaunchTests.swift in Sources */,
			);
			runOnlyForDeploymentPostprocessing = 0;
		};
/* End PBXSourcesBuildPhase section */

/* Begin PBXTargetDependency section */
		334150E228F07C1A00DD522F /* PBXTargetDependency */ = {
			isa = PBXTargetDependency;
			target = 334150C928F07C1700DD522F /* TrabajoSemana3 */;
			targetProxy = 334150E128F07C1A00DD522F /* PBXContainerItemProxy */;
		};
		334150EC28F07C1A00DD522F /* PBXTargetDependency */ = {
			isa = PBXTargetDependency;
			target = 334150C928F07C1700DD522F /* TrabajoSemana3 */;
			targetProxy = 334150EB28F07C1A00DD522F /* PBXContainerItemProxy */;
		};
/* End PBXTargetDependency section */

/* Begin PBXVariantGroup section */
		334150D828F07C1900DD522F /* LaunchScreen.storyboard */ = {
			isa = PBXVariantGroup;
			children = (
				334150D928F07C1900DD522F /* Base */,
			);
			name = LaunchScreen.storyboard;
			sourceTree = "<group>";
		};
		3341510928F07D2500DD522F /* Main.storyboard */ = {
			isa = PBXVariantGroup;
			children = (
				3341510A28F07D2500DD522F /* Base */,
			);
			name = Main.storyboard;
			sourceTree = "<group>";
		};
/* End PBXVariantGroup section */

/* Begin XCBuildConfiguration section */
		334150F228F07C1A00DD522F /* Debug */ = {
			isa = XCBuildConfiguration;
			buildSettings = {
				ALWAYS_SEARCH_USER_PATHS = NO;
				CLANG_ANALYZER_NONNULL = YES;
				CLANG_ANALYZER_NUMBER_OBJECT_CONVERSION = YES_AGGRESSIVE;
				CLANG_CXX_LANGUAGE_STANDARD = "gnu++17";
				CLANG_ENABLE_MODULES = YES;
				CLANG_ENABLE_OBJC_ARC = YES;
				CLANG_ENABLE_OBJC_WEAK = YES;
				CLANG_WARN_BLOCK_CAPTURE_AUTORELEASING = YES;
				CLANG_WARN_BOOL_CONVERSION = YES;
				CLANG_WARN_COMMA = YES;
				CLANG_WARN_CONSTANT_CONVERSION = YES;
				CLANG_WARN_DEPRECATED_OBJC_IMPLEMENTATIONS = YES;
				CLANG_WARN_DIRECT_OBJC_ISA_USAGE = YES_ERROR;
				CLANG_WARN_DOCUMENTATION_COMMENTS = YES;
				CLANG_WARN_EMPTY_BODY = YES;
				CLANG_WARN_ENUM_CONVERSION = YES;
				CLANG_WARN_INFINITE_RECURSION = YES;
				CLANG_WARN_INT_CONVERSION = YES;
				CLANG_WARN_NON_LITERAL_NULL_CONVERSION = YES;
				CLANG_WARN_OBJC_IMPLICIT_RETAIN_SELF = YES;
				CLANG_WARN_OBJC_LITERAL_CONVERSION = YES;
				CLANG_WARN_OBJC_ROOT_CLASS = YES_ERROR;
				CLANG_WARN_QUOTED_INCLUDE_IN_FRAMEWORK_HEADER = YES;
				CLANG_WARN_RANGE_LOOP_ANALYSIS = YES;
				CLANG_WARN_STRICT_PROTOTYPES = YES;
				CLANG_WARN_SUSPICIOUS_MOVE = YES;
				CLANG_WARN_UNGUARDED_AVAILABILITY = YES_AGGRESSIVE;
				CLANG_WARN_UNREACHABLE_CODE = YES;
				CLANG_WARN__DUPLICATE_METHOD_MATCH = YES;
				COPY_PHASE_STRIP = NO;
				DEBUG_INFORMATION_FORMAT = dwarf;
				ENABLE_STRICT_OBJC_MSGSEND = YES;
				ENABLE_TESTABILITY = YES;
				GCC_C_LANGUAGE_STANDARD = gnu11;
				GCC_DYNAMIC_NO_PIC = NO;
				GCC_NO_COMMON_BLOCKS = YES;
				GCC_OPTIMIZATION_LEVEL = 0;
				GCC_PREPROCESSOR_DEFINITIONS = (
					"DEBUG=1",
					"$(inherited)",
				);
				GCC_WARN_64_TO_32_BIT_CONVERSION = YES;
				GCC_WARN_ABOUT_RETURN_TYPE = YES_ERROR;
				GCC_WARN_UNDECLARED_SELECTOR = YES;
				GCC_WARN_UNINITIALIZED_AUTOS = YES_AGGRESSIVE;
				GCC_WARN_UNUSED_FUNCTION = YES;
				GCC_WARN_UNUSED_VARIABLE = YES;
				IPHONEOS_DEPLOYMENT_TARGET = 15.5;
				MTL_ENABLE_DEBUG_INFO = INCLUDE_SOURCE;
				MTL_FAST_MATH = YES;
				ONLY_ACTIVE_ARCH = YES;
				SDKROOT = iphoneos;
				SWIFT_ACTIVE_COMPILATION_CONDITIONS = DEBUG;
				SWIFT_OPTIMIZATION_LEVEL = "-Onone";
			};
			name = Debug;
		};
		334150F328F07C1A00DD522F /* Release */ = {
			isa = XCBuildConfiguration;
			buildSettings = {
				ALWAYS_SEARCH_USER_PATHS = NO;
				CLANG_ANALYZER_NONNULL = YES;
				CLANG_ANALYZER_NUMBER_OBJECT_CONVERSION = YES_AGGRESSIVE;
				CLANG_CXX_LANGUAGE_STANDARD = "gnu++17";
				CLANG_ENABLE_MODULES = YES;
				CLANG_ENABLE_OBJC_ARC = YES;
				CLANG_ENABLE_OBJC_WEAK = YES;
				CLANG_WARN_BLOCK_CAPTURE_AUTORELEASING = YES;
				CLANG_WARN_BOOL_CONVERSION = YES;
				CLANG_WARN_COMMA = YES;
				CLANG_WARN_CONSTANT_CONVERSION = YES;
				CLANG_WARN_DEPRECATED_OBJC_IMPLEMENTATIONS = YES;
				CLANG_WARN_DIRECT_OBJC_ISA_USAGE = YES_ERROR;
				CLANG_WARN_DOCUMENTATION_COMMENTS = YES;
				CLANG_WARN_EMPTY_BODY = YES;
				CLANG_WARN_ENUM_CONVERSION = YES;
				CLANG_WARN_INFINITE_RECURSION = YES;
				CLANG_WARN_INT_CONVERSION = YES;
				CLANG_WARN_NON_LITERAL_NULL_CONVERSION = YES;
				CLANG_WARN_OBJC_IMPLICIT_RETAIN_SELF = YES;
				CLANG_WARN_OBJC_LITERAL_CONVERSION = YES;
				CLANG_WARN_OBJC_ROOT_CLASS = YES_ERROR;
				CLANG_WARN_QUOTED_INCLUDE_IN_FRAMEWORK_HEADER = YES;
				CLANG_WARN_RANGE_LOOP_ANALYSIS = YES;
				CLANG_WARN_STRICT_PROTOTYPES = YES;
				CLANG_WARN_SUSPICIOUS_MOVE = YES;
				CLANG_WARN_UNGUARDED_AVAILABILITY = YES_AGGRESSIVE;
				CLANG_WARN_UNREACHABLE_CODE = YES;
				CLANG_WARN__DUPLICATE_METHOD_MATCH = YES;
				COPY_PHASE_STRIP = NO;
				DEBUG_INFORMATION_FORMAT = "dwarf-with-dsym";
				ENABLE_NS_ASSERTIONS = NO;
				ENABLE_STRICT_OBJC_MSGSEND = YES;
				GCC_C_LANGUAGE_STANDARD = gnu11;
				GCC_NO_COMMON_BLOCKS = YES;
				GCC_WARN_64_TO_32_BIT_CONVERSION = YES;
				GCC_WARN_ABOUT_RETURN_TYPE = YES_ERROR;
				GCC_WARN_UNDECLARED_SELECTOR = YES;
				GCC_WARN_UNINITIALIZED_AUTOS = YES_AGGRESSIVE;
				GCC_WARN_UNUSED_FUNCTION = YES;
				GCC_WARN_UNUSED_VARIABLE = YES;
				IPHONEOS_DEPLOYMENT_TARGET = 15.5;
				MTL_ENABLE_DEBUG_INFO = NO;
				MTL_FAST_MATH = YES;
				SDKROOT = iphoneos;
				SWIFT_COMPILATION_MODE = wholemodule;
				SWIFT_OPTIMIZATION_LEVEL = "-O";
				VALIDATE_PRODUCT = YES;
			};
			name = Release;
		};
		334150F528F07C1A00DD522F /* Debug */ = {
			isa = XCBuildConfiguration;
			buildSettings = {
				ASSETCATALOG_COMPILER_APPICON_NAME = AppIcon;
				ASSETCATALOG_COMPILER_GLOBAL_ACCENT_COLOR_NAME = AccentColor;
				CODE_SIGN_STYLE = Automatic;
				CURRENT_PROJECT_VERSION = 1;
				GENERATE_INFOPLIST_FILE = YES;
				INFOPLIST_FILE = TrabajoSemana3/Info.plist;
				INFOPLIST_KEY_UIApplicationSupportsIndirectInputEvents = YES;
				INFOPLIST_KEY_UILaunchStoryboardName = LaunchScreen;
				INFOPLIST_KEY_UIMainStoryboardFile = Main;
				INFOPLIST_KEY_UISupportedInterfaceOrientations_iPad = "UIInterfaceOrientationPortrait UIInterfaceOrientationPortraitUpsideDown UIInterfaceOrientationLandscapeLeft UIInterfaceOrientationLandscapeRight";
				INFOPLIST_KEY_UISupportedInterfaceOrientations_iPhone = "UIInterfaceOrientationPortrait UIInterfaceOrientationLandscapeLeft UIInterfaceOrientationLandscapeRight";
				LD_RUNPATH_SEARCH_PATHS = (
					"$(inherited)",
					"@executable_path/Frameworks",
				);
				MARKETING_VERSION = 1.0;
				PRODUCT_BUNDLE_IDENTIFIER = martin.TrabajoSemana3;
				PRODUCT_NAME = "$(TARGET_NAME)";
				SWIFT_EMIT_LOC_STRINGS = YES;
				SWIFT_VERSION = 5.0;
				TARGETED_DEVICE_FAMILY = "1,2";
			};
			name = Debug;
		};
		334150F628F07C1A00DD522F /* Release */ = {
			isa = XCBuildConfiguration;
			buildSettings = {
				ASSETCATALOG_COMPILER_APPICON_NAME = AppIcon;
				ASSETCATALOG_COMPILER_GLOBAL_ACCENT_COLOR_NAME = AccentColor;
				CODE_SIGN_STYLE = Automatic;
				CURRENT_PROJECT_VERSION = 1;
				GENERATE_INFOPLIST_FILE = YES;
				INFOPLIST_FILE = TrabajoSemana3/Info.plist;
				INFOPLIST_KEY_UIApplicationSupportsIndirectInputEvents = YES;
				INFOPLIST_KEY_UILaunchStoryboardName = LaunchScreen;
				INFOPLIST_KEY_UIMainStoryboardFile = Main;
				INFOPLIST_KEY_UISupportedInterfaceOrientations_iPad = "UIInterfaceOrientationPortrait UIInterfaceOrientationPortraitUpsideDown UIInterfaceOrientationLandscapeLeft UIInterfaceOrientationLandscapeRight";
				INFOPLIST_KEY_UISupportedInterfaceOrientations_iPhone = "UIInterfaceOrientationPortrait UIInterfaceOrientationLandscapeLeft UIInterfaceOrientationLandscapeRight";
				LD_RUNPATH_SEARCH_PATHS = (
					"$(inherited)",
					"@executable_path/Frameworks",
				);
				MARKETING_VERSION = 1.0;
				PRODUCT_BUNDLE_IDENTIFIER = martin.TrabajoSemana3;
				PRODUCT_NAME = "$(TARGET_NAME)";
				SWIFT_EMIT_LOC_STRINGS = YES;
				SWIFT_VERSION = 5.0;
				TARGETED_DEVICE_FAMILY = "1,2";
			};
			name = Release;
		};
		334150F828F07C1A00DD522F /* Debug */ = {
			isa = XCBuildConfiguration;
			buildSettings = {
				ALWAYS_EMBED_SWIFT_STANDARD_LIBRARIES = YES;
				BUNDLE_LOADER = "$(TEST_HOST)";
				CODE_SIGN_STYLE = Automatic;
				CURRENT_PROJECT_VERSION = 1;
				GENERATE_INFOPLIST_FILE = YES;
				IPHONEOS_DEPLOYMENT_TARGET = 15.5;
				MARKETING_VERSION = 1.0;
				PRODUCT_BUNDLE_IDENTIFIER = martin.TrabajoSemana3Tests;
				PRODUCT_NAME = "$(TARGET_NAME)";
				SWIFT_EMIT_LOC_STRINGS = NO;
				SWIFT_VERSION = 5.0;
				TARGETED_DEVICE_FAMILY = "1,2";
				TEST_HOST = "$(BUILT_PRODUCTS_DIR)/TrabajoSemana3.app/TrabajoSemana3";
			};
			name = Debug;
		};
		334150F928F07C1A00DD522F /* Release */ = {
			isa = XCBuildConfiguration;
			buildSettings = {
				ALWAYS_EMBED_SWIFT_STANDARD_LIBRARIES = YES;
				BUNDLE_LOADER = "$(TEST_HOST)";
				CODE_SIGN_STYLE = Automatic;
				CURRENT_PROJECT_VERSION = 1;
				GENERATE_INFOPLIST_FILE = YES;
				IPHONEOS_DEPLOYMENT_TARGET = 15.5;
				MARKETING_VERSION = 1.0;
				PRODUCT_BUNDLE_IDENTIFIER = martin.TrabajoSemana3Tests;
				PRODUCT_NAME = "$(TARGET_NAME)";
				SWIFT_EMIT_LOC_STRINGS = NO;
				SWIFT_VERSION = 5.0;
				TARGETED_DEVICE_FAMILY = "1,2";
				TEST_HOST = "$(BUILT_PRODUCTS_DIR)/TrabajoSemana3.app/TrabajoSemana3";
			};
			name = Release;
		};
		334150FB28F07C1A00DD522F /* Debug */ = {
			isa = XCBuildConfiguration;
			buildSettings = {
				ALWAYS_EMBED_SWIFT_STANDARD_LIBRARIES = YES;
				CODE_SIGN_STYLE = Automatic;
				CURRENT_PROJECT_VERSION = 1;
				GENERATE_INFOPLIST_FILE = YES;
				MARKETING_VERSION = 1.0;
				PRODUCT_BUNDLE_IDENTIFIER = martin.TrabajoSemana3UITests;
				PRODUCT_NAME = "$(TARGET_NAME)";
				SWIFT_EMIT_LOC_STRINGS = NO;
				SWIFT_VERSION = 5.0;
				TARGETED_DEVICE_FAMILY = "1,2";
				TEST_TARGET_NAME = TrabajoSemana3;
			};
			name = Debug;
		};
		334150FC28F07C1A00DD522F /* Release */ = {
			isa = XCBuildConfiguration;
			buildSettings = {
				ALWAYS_EMBED_SWIFT_STANDARD_LIBRARIES = YES;
				CODE_SIGN_STYLE = Automatic;
				CURRENT_PROJECT_VERSION = 1;
				GENERATE_INFOPLIST_FILE = YES;
				MARKETING_VERSION = 1.0;
				PRODUCT_BUNDLE_IDENTIFIER = martin.TrabajoSemana3UITests;
				PRODUCT_NAME = "$(TARGET_NAME)";
				SWIFT_EMIT_LOC_STRINGS = NO;
				SWIFT_VERSION = 5.0;
				TARGETED_DEVICE_FAMILY = "1,2";
				TEST_TARGET_NAME = TrabajoSemana3;
			};
			name = Release;
		};
/* End XCBuildConfiguration section */

/* Begin XCConfigurationList section */
		334150C528F07C1700DD522F /* Build configuration list for PBXProject "TrabajoSemana3" */ = {
			isa = XCConfigurationList;
			buildConfigurations = (
				334150F228F07C1A00DD522F /* Debug */,
				334150F328F07C1A00DD522F /* Release */,
			);
			defaultConfigurationIsVisible = 0;
			defaultConfigurationName = Release;
		};
		334150F428F07C1A00DD522F /* Build configuration list for PBXNativeTarget "TrabajoSemana3" */ = {
			isa = XCConfigurationList;
			buildConfigurations = (
				334150F528F07C1A00DD522F /* Debug */,
				334150F628F07C1A00DD522F /* Release */,
			);
			defaultConfigurationIsVisible = 0;
			defaultConfigurationName = Release;
		};
		334150F728F07C1A00DD522F /* Build configuration list for PBXNativeTarget "TrabajoSemana3Tests" */ = {
			isa = XCConfigurationList;
			buildConfigurations = (
				334150F828F07C1A00DD522F /* Debug */,
				334150F928F07C1A00DD522F /* Release */,
			);
			defaultConfigurationIsVisible = 0;
			defaultConfigurationName = Release;
		};
		334150FA28F07C1A00DD522F /* Build configuration list for PBXNativeTarget "TrabajoSemana3UITests" */ = {
			isa = XCConfigurationList;
			buildConfigurations = (
				334150FB28F07C1A00DD522F /* Debug */,
				334150FC28F07C1A00DD522F /* Release */,
			);
			defaultConfigurationIsVisible = 0;
			defaultConfigurationName = Release;
		};
/* End XCConfigurationList section */
	};
	rootObject = 334150C228F07C1700DD522F /* Project object */;
}
